github.com/RaveNoX/go-jsoncommentstrip v1.0.0/go.mod h1:78ihd09MekBnJnxpICcwzCMzGrKSKYe4AqU6PDYYpjk=
github.com/apapsch/go-jsonmerge/v2 v2.0.0 h1:axGnT1gRIfimI7gJifB699GoE/oq+F2MU7Dml6nw9rQ=
github.com/apapsch/go-jsonmerge/v2 v2.0.0/go.mod h1:lvDnEdqiQrp0O42VQGgmlKpxL1AP2+08jFMw88y4klk=
github.com/bmatcuk/doublestar v1.1.1/go.mod h1:UD6OnuiIn0yFxxA2le/rnRU1G4RaI4UvFv1sNto9p6w=
github.com/davecgh/go-spew v1.1.0/go.mod h1:J7Y8YcW2NihsgmVo/mv3lAwl/skON4iLHjSsI+c5H38=
github.com/davecgh/go-spew v1.1.1 h1:vj9j/u1bqnvCEfJOwUhtlOARqs3+rkHYY13jYWTU97c=
github.com/davecgh/go-spew v1.1.1/go.mod h1:J7Y8YcW2NihsgmVo/mv3lAwl/skON4iLHjSsI+c5H38=
github.com/ecosyste-ms/ecosystems-go v0.1.1 h1:YYiBK9TCCTeE+BtmpN2FssaRFcmF+T0v4LrupIOjehQ=
github.com/ecosyste-ms/ecosystems-go v0.1.1/go.mod h1:VczXs1CO9nL8XbL1NwvgmwIaqzMsAxcsXnTpRtwi9gU=
github.com/git-pkgs/packageurl-go v0.2.1 h1:j6VnjJiYS9b1nTLfJGsG6SLaA7Nk6Io+ta8grOyTa4o=
github.com/git-pkgs/packageurl-go v0.2.1/go.mod h1:rcIxiG37BlQLB6FZfgdj9Fm7yjhRQd3l+5o7J0QPAk4=
github.com/git-pkgs/purl v0.1.6 h1:WDganE1yjSA2BYjXPpz9NVdsh/YRrGj2CkZ6ScyzIKs=
github.com/git-pkgs/purl v0.1.6/go.mod h1:ihlHw3bnSLXat+9Nl9MsJZBYiG7s3NkwmvE3L/Es/sI=
github.com/git-pkgs/registries v0.2.3 h1:KE9QQr+aqO06Jqb2lEfwFJ0Alimfdqmgs/QfgxIh0YU=
github.com/git-pkgs/registries v0.2.3/go.mod h1:nXiMNoaCum0Sx3ltao5X9JNbR35ujlKMMN+vX8GLgt8=
github.com/git-pkgs/spdx v0.1.0 h1:kBcB2iIc3A8qSAU/MtqywKslEo+FRct2daFLX+pwZdU=
github.com/git-pkgs/spdx v0.1.0/go.mod h1:Cmpseu5vIhDPnpFXhTVBCJhjZUW3ILck/zhycHHKcXA=
github.com/git-pkgs/vers v0.2.2 h1:42QkiIURhGN2wM8AuYYU+FbzS1YV6jmdGd1RiFp7gXs=
github.com/git-pkgs/vers v0.2.2/go.mod h1:biTbSQK1qdbrsxDEKnqe3Jzclxz8vW6uDcwKjfUGcOo=
github.com/github/go-spdx/v2 v2.3.6 h1:9flm625VmmTlWXi0YH5W9V8FdMfulvxalHdYnUfoqxc=
github.com/github/go-spdx/v2 v2.3.6/go.mod h1:/5rwgS0txhGtRdUZwc02bTglzg6HK3FfuEbECKlK2Sg=
github.com/google/uuid v1.5.0 h1:1p67kYwdtXjb0gL0BPiP1Av9wiZPo5A8z2cWkTZ+eyU=
github.com/google/uuid v1.5.0/go.mod h1:TIyPZe4MgqvfeYDBFedMoGGpEw/LqOeaOT+nhxU+yHo=
github.com/juju/gnuflag v0.0.0-20171113085948-2ce1bb71843d/go.mod h1:2PavIy+JPciBPrBUjwbNvtwB6RQlve+hkpll6QSNmOE=
github.com/oapi-codegen/runtime v1.1.2 h1:P2+CubHq8fO4Q6fV1tqDBZHCwpVpvPg7oKiYzQgXIyI=
github.com/oapi-codegen/runtime v1.1.2/go.mod h1:SK9X900oXmPWilYR5/WKPzt3Kqxn/uS/+lbpREv+eCg=
github.com/pmezard/go-difflib v1.0.0 h1:4DBwDE0NGyQoBHbLQYPwSUPoCMWR5BEzIk/f1lZbAQM=
github.com/pmezard/go-difflib v1.0.0/go.mod h1:iKH77koFhYxTK1pcRnkKkqfTogsbg7gZNVY4sRDYZ/4=
github.com/spkg/bom v0.0.0-20160624110644-59b7046e48ad/go.mod h1:qLr4V1qq6nMqFKkMo8ZTx3f+BZEkzsRUY10Xsm2mwU0=
github.com/stretchr/objx v0.1.0/go.mod h1:HFkY916IF+rwdDfMAkV7OtwuqBVzrE8GR6GFx+wExME=
github.com/stretchr/testify v1.3.0/go.mod h1:M5WIy9Dh21IEIfnGCwXGc5bZfKNJtfHm1UVUgZn+9EI=
github.com/stretchr/testify v1.8.4 h1:CcVxjf3Q8PM0mHUKJCdn+eZZtm5yQwehR5yeSVQQcUk=
github.com/stretchr/testify v1.8.4/go.mod h1:sz/lmYIOXD/1dqDmKjjqLyZ2RngseejIcXlSw2iwfAo=
gopkg.in/yaml.v3 v3.0.1 h1:fxVm/GzAzEWqLHuvctI91KS9hhNmmWOoWu0XTYJS7CA=
gopkg.in/yaml.v3 v3.0.1/go.mod h1:K4uyk7z7BCEPqu6E+C64Yfv1cQ7kz7rIZviUmN+EgEM=
